// !$*UTF8*$!
{
	archiveVersion = 1;
	classes = {
	};
	objectVersion = 56;
	objects = {

/* Begin PBXBuildFile section */
		04286D4A29023DBA00DEEEB2 /* AppDelegate.m in Sources */ = {isa = PBXBuildFile; fileRef = 04286D4929023DBA00DEEEB2 /* AppDelegate.m */; };
		04286D4D29023DBA00DEEEB2 /* SceneDelegate.m in Sources */ = {isa = PBXBuildFile; fileRef = 04286D4C29023DBA00DEEEB2 /* SceneDelegate.m */; };
		04286D5329023DBA00DEEEB2 /* Main.storyboard in Resources */ = {isa = PBXBuildFile; fileRef = 04286D5129023DBA00DEEEB2 /* Main.storyboard */; };
		04286D5529023DC000DEEEB2 /* Assets.xcassets in Resources */ = {isa = PBXBuildFile; fileRef = 04286D5429023DC000DEEEB2 /* Assets.xcassets */; };
		04286D5829023DC000DEEEB2 /* LaunchScreen.storyboard in Resources */ = {isa = PBXBuildFile; fileRef = 04286D5629023DC000DEEEB2 /* LaunchScreen.storyboard */; };
		04286D5B29023DC000DEEEB2 /* main.m in Sources */ = {isa = PBXBuildFile; fileRef = 04286D5A29023DC000DEEEB2 /* main.m */; };
		04286D6929023E1800DEEEB2 /* ListViewController.m in Sources */ = {isa = PBXBuildFile; fileRef = 04286D6629023E1800DEEEB2 /* ListViewController.m */; };
		04286D6A29023E1800DEEEB2 /* ConnectViewController.m in Sources */ = {isa = PBXBuildFile; fileRef = 04286D6829023E1800DEEEB2 /* ConnectViewController.m */; };
		043D36D22A6E158E000BB6A8 /* FLYBluetoothManager.m in Sources */ = {isa = PBXBuildFile; fileRef = 043D36D12A6E158E000BB6A8 /* FLYBluetoothManager.m */; };
		043D36D52A6F5F4B000BB6A8 /* UIAlertController+FLYExtension.m in Sources */ = {isa = PBXBuildFile; fileRef = 043D36D42A6F5F4B000BB6A8 /* UIAlertController+FLYExtension.m */; };
		043D36D82A6FA0E3000BB6A8 /* FLYBluetoothHandler.m in Sources */ = {isa = PBXBuildFile; fileRef = 043D36D72A6FA0E2000BB6A8 /* FLYBluetoothHandler.m */; };
		046950312935F5A3009446F3 /* WorkViewController.m in Sources */ = {isa = PBXBuildFile; fileRef = 046950302935F5A3009446F3 /* WorkViewController.m */; };
		047E13FD2A7BC9C200E6E128 /* CBPeripheral+FLYExtension.m in Sources */ = {isa = PBXBuildFile; fileRef = 047E13FC2A7BC9C200E6E128 /* CBPeripheral+FLYExtension.m */; };
		047E14032A818F5B00E6E128 /* FLYConnectModel.m in Sources */ = {isa = PBXBuildFile; fileRef = 047E14022A818F5B00E6E128 /* FLYConnectModel.m */; };
/* End PBXBuildFile section */

/* Begin PBXFileReference section */
		04286D4529023DBA00DEEEB2 /* BluetoothDemo.app */ = {isa = PBXFileReference; explicitFileType = wrapper.application; includeInIndex = 0; path = BluetoothDemo.app; sourceTree = BUILT_PRODUCTS_DIR; };
		04286D4829023DBA00DEEEB2 /* AppDelegate.h */ = {isa = PBXFileReference; lastKnownFileType = sourcecode.c.h; path = AppDelegate.h; sourceTree = "<group>"; };
		04286D4929023DBA00DEEEB2 /* AppDelegate.m */ = {isa = PBXFileReference; lastKnownFileType = sourcecode.c.objc; path = AppDelegate.m; sourceTree = "<group>"; };
		04286D4B29023DBA00DEEEB2 /* SceneDelegate.h */ = {isa = PBXFileReference; lastKnownFileType = sourcecode.c.h; path = SceneDelegate.h; sourceTree = "<group>"; };
		04286D4C29023DBA00DEEEB2 /* SceneDelegate.m */ = {isa = PBXFileReference; lastKnownFileType = sourcecode.c.objc; path = SceneDelegate.m; sourceTree = "<group>"; };
		04286D5229023DBA00DEEEB2 /* Base */ = {isa = PBXFileReference; lastKnownFileType = file.storyboard; name = Base; path = Base.lproj/Main.storyboard; sourceTree = "<group>"; };
		04286D5429023DC000DEEEB2 /* Assets.xcassets */ = {isa = PBXFileReference; lastKnownFileType = folder.assetcatalog; path = Assets.xcassets; sourceTree = "<group>"; };
		04286D5729023DC000DEEEB2 /* Base */ = {isa = PBXFileReference; lastKnownFileType = file.storyboard; name = Base; path = Base.lproj/LaunchScreen.storyboard; sourceTree = "<group>"; };
		04286D5929023DC000DEEEB2 /* Info.plist */ = {isa = PBXFileReference; lastKnownFileType = text.plist.xml; path = Info.plist; sourceTree = "<group>"; };
		04286D5A29023DC000DEEEB2 /* main.m */ = {isa = PBXFileReference; lastKnownFileType = sourcecode.c.objc; path = main.m; sourceTree = "<group>"; };
		04286D6529023E1700DEEEB2 /* ListViewController.h */ = {isa = PBXFileReference; fileEncoding = 4; lastKnownFileType = sourcecode.c.h; path = ListViewController.h; sourceTree = "<group>"; };
		04286D6629023E1800DEEEB2 /* ListViewController.m */ = {isa = PBXFileReference; fileEncoding = 4; lastKnownFileType = sourcecode.c.objc; path = ListViewController.m; sourceTree = "<group>"; };
		04286D6729023E1800DEEEB2 /* ConnectViewController.h */ = {isa = PBXFileReference; fileEncoding = 4; lastKnownFileType = sourcecode.c.h; path = ConnectViewController.h; sourceTree = "<group>"; };
		04286D6829023E1800DEEEB2 /* ConnectViewController.m */ = {isa = PBXFileReference; fileEncoding = 4; lastKnownFileType = sourcecode.c.objc; path = ConnectViewController.m; sourceTree = "<group>"; };
		043D36D02A6E158D000BB6A8 /* FLYBluetoothManager.h */ = {isa = PBXFileReference; lastKnownFileType = sourcecode.c.h; path = FLYBluetoothManager.h; sourceTree = "<group>"; };
		043D36D12A6E158E000BB6A8 /* FLYBluetoothManager.m */ = {isa = PBXFileReference; lastKnownFileType = sourcecode.c.objc; path = FLYBluetoothManager.m; sourceTree = "<group>"; };
		043D36D32A6F5F33000BB6A8 /* UIAlertController+FLYExtension.h */ = {isa = PBXFileReference; fileEncoding = 4; lastKnownFileType = sourcecode.c.h; path = "UIAlertController+FLYExtension.h"; sourceTree = "<group>"; };
		043D36D42A6F5F4B000BB6A8 /* UIAlertController+FLYExtension.m */ = {isa = PBXFileReference; fileEncoding = 4; lastKnownFileType = sourcecode.c.objc; path = "UIAlertController+FLYExtension.m"; sourceTree = "<group>"; };
		043D36D62A6FA0E2000BB6A8 /* FLYBluetoothHandler.h */ = {isa = PBXFileReference; lastKnownFileType = sourcecode.c.h; path = FLYBluetoothHandler.h; sourceTree = "<group>"; };
		043D36D72A6FA0E2000BB6A8 /* FLYBluetoothHandler.m */ = {isa = PBXFileReference; lastKnownFileType = sourcecode.c.objc; path = FLYBluetoothHandler.m; sourceTree = "<group>"; };
		0469502F2935F5A3009446F3 /* WorkViewController.h */ = {isa = PBXFileReference; lastKnownFileType = sourcecode.c.h; path = WorkViewController.h; sourceTree = "<group>"; };
		046950302935F5A3009446F3 /* WorkViewController.m */ = {isa = PBXFileReference; lastKnownFileType = sourcecode.c.objc; path = WorkViewController.m; sourceTree = "<group>"; };
		047E13FB2A7BC9C200E6E128 /* CBPeripheral+FLYExtension.h */ = {isa = PBXFileReference; lastKnownFileType = sourcecode.c.h; path = "CBPeripheral+FLYExtension.h"; sourceTree = "<group>"; };
		047E13FC2A7BC9C200E6E128 /* CBPeripheral+FLYExtension.m */ = {isa = PBXFileReference; lastKnownFileType = sourcecode.c.objc; path = "CBPeripheral+FLYExtension.m"; sourceTree = "<group>"; };
		047E14012A818F5B00E6E128 /* FLYConnectModel.h */ = {isa = PBXFileReference; lastKnownFileType = sourcecode.c.h; path = FLYConnectModel.h; sourceTree = "<group>"; };
		047E14022A818F5B00E6E128 /* FLYConnectModel.m */ = {isa = PBXFileReference; lastKnownFileType = sourcecode.c.objc; path = FLYConnectModel.m; sourceTree = "<group>"; };
/* End PBXFileReference section */

/* Begin PBXFrameworksBuildPhase section */
		04286D4229023DBA00DEEEB2 /* Frameworks */ = {
			isa = PBXFrameworksBuildPhase;
			buildActionMask = 2147483647;
			files = (
			);
			runOnlyForDeploymentPostprocessing = 0;
		};
/* End PBXFrameworksBuildPhase section */

/* Begin PBXGroup section */
		04286D3C29023DBA00DEEEB2 = {
			isa = PBXGroup;
			children = (
				04286D4729023DBA00DEEEB2 /* BluetoothDemo */,
				04286D4629023DBA00DEEEB2 /* Products */,
			);
			sourceTree = "<group>";
		};
		04286D4629023DBA00DEEEB2 /* Products */ = {
			isa = PBXGroup;
			children = (
				04286D4529023DBA00DEEEB2 /* BluetoothDemo.app */,
			);
			name = Products;
			sourceTree = "<group>";
		};
		04286D4729023DBA00DEEEB2 /* BluetoothDemo */ = {
			isa = PBXGroup;
			children = (
				043D36D62A6FA0E2000BB6A8 /* FLYBluetoothHandler.h */,
				043D36D72A6FA0E2000BB6A8 /* FLYBluetoothHandler.m */,
				04286D6129023DD200DEEEB2 /* Tools */,
				04286D4829023DBA00DEEEB2 /* AppDelegate.h */,
				04286D4929023DBA00DEEEB2 /* AppDelegate.m */,
				04286D4B29023DBA00DEEEB2 /* SceneDelegate.h */,
				04286D4C29023DBA00DEEEB2 /* SceneDelegate.m */,
				04286D6729023E1800DEEEB2 /* ConnectViewController.h */,
				04286D6829023E1800DEEEB2 /* ConnectViewController.m */,
				0469502F2935F5A3009446F3 /* WorkViewController.h */,
				046950302935F5A3009446F3 /* WorkViewController.m */,
				04286D6529023E1700DEEEB2 /* ListViewController.h */,
				04286D6629023E1800DEEEB2 /* ListViewController.m */,
				043D36D32A6F5F33000BB6A8 /* UIAlertController+FLYExtension.h */,
				043D36D42A6F5F4B000BB6A8 /* UIAlertController+FLYExtension.m */,
				04286D5129023DBA00DEEEB2 /* Main.storyboard */,
				04286D5429023DC000DEEEB2 /* Assets.xcassets */,
				04286D5629023DC000DEEEB2 /* LaunchScreen.storyboard */,
				04286D5929023DC000DEEEB2 /* Info.plist */,
				04286D5A29023DC000DEEEB2 /* main.m */,
			);
			path = BluetoothDemo;
			sourceTree = "<group>";
		};
		04286D6129023DD200DEEEB2 /* Tools */ = {
			isa = PBXGroup;
			children = (
				043D36D02A6E158D000BB6A8 /* FLYBluetoothManager.h */,
				043D36D12A6E158E000BB6A8 /* FLYBluetoothManager.m */,
				047E14012A818F5B00E6E128 /* FLYConnectModel.h */,
				047E14022A818F5B00E6E128 /* FLYConnectModel.m */,
				047E13FB2A7BC9C200E6E128 /* CBPeripheral+FLYExtension.h */,
				047E13FC2A7BC9C200E6E128 /* CBPeripheral+FLYExtension.m */,
			);
			path = Tools;
			sourceTree = "<group>";
		};
/* End PBXGroup section */

/* Begin PBXNativeTarget section */
		04286D4429023DBA00DEEEB2 /* BluetoothDemo */ = {
			isa = PBXNativeTarget;
			buildConfigurationList = 04286D5E29023DC000DEEEB2 /* Build configuration list for PBXNativeTarget "BluetoothDemo" */;
			buildPhases = (
				04286D4129023DBA00DEEEB2 /* Sources */,
				04286D4229023DBA00DEEEB2 /* Frameworks */,
				04286D4329023DBA00DEEEB2 /* Resources */,
			);
			buildRules = (
			);
			dependencies = (
			);
			name = BluetoothDemo;
			productName = BluetoothDemo;
			productReference = 04286D4529023DBA00DEEEB2 /* BluetoothDemo.app */;
			productType = "com.apple.product-type.application";
		};
/* End PBXNativeTarget section */

/* Begin PBXProject section */
		04286D3D29023DBA00DEEEB2 /* Project object */ = {
			isa = PBXProject;
			attributes = {
				BuildIndependentTargetsInParallel = 1;
				LastUpgradeCheck = 1400;
				TargetAttributes = {
					04286D4429023DBA00DEEEB2 = {
						CreatedOnToolsVersion = 14.0;
					};
				};
			};
			buildConfigurationList = 04286D4029023DBA00DEEEB2 /* Build configuration list for PBXProject "BluetoothDemo" */;
			compatibilityVersion = "Xcode 14.0";
			developmentRegion = en;
			hasScannedForEncodings = 0;
			knownRegions = (
				en,
				Base,
			);
			mainGroup = 04286D3C29023DBA00DEEEB2;
			productRefGroup = 04286D4629023DBA00DEEEB2 /* Products */;
			projectDirPath = "";
			projectRoot = "";
			targets = (
				04286D4429023DBA00DEEEB2 /* BluetoothDemo */,
			);
		};
/* End PBXProject section */

/* Begin PBXResourcesBuildPhase section */
		04286D4329023DBA00DEEEB2 /* Resources */ = {
			isa = PBXResourcesBuildPhase;
			buildActionMask = 2147483647;
			files = (
				04286D5829023DC000DEEEB2 /* LaunchScreen.storyboard in Resources */,
				04286D5529023DC000DEEEB2 /* Assets.xcassets in Resources */,
				04286D5329023DBA00DEEEB2 /* Main.storyboard in Resources */,
			);
			runOnlyForDeploymentPostprocessing = 0;
		};
/* End PBXResourcesBuildPhase section */

/* Begin PBXSourcesBuildPhase section */
		04286D4129023DBA00DEEEB2 /* Sources */ = {
			isa = PBXSourcesBuildPhase;
			buildActionMask = 2147483647;
			files = (
				043D36D22A6E158E000BB6A8 /* FLYBluetoothManager.m in Sources */,
				04286D6929023E1800DEEEB2 /* ListViewController.m in Sources */,
				047E14032A818F5B00E6E128 /* FLYConnectModel.m in Sources */,
				04286D6A29023E1800DEEEB2 /* ConnectViewController.m in Sources */,
				04286D4A29023DBA00DEEEB2 /* AppDelegate.m in Sources */,
				043D36D82A6FA0E3000BB6A8 /* FLYBluetoothHandler.m in Sources */,
				04286D5B29023DC000DEEEB2 /* main.m in Sources */,
				047E13FD2A7BC9C200E6E128 /* CBPeripheral+FLYExtension.m in Sources */,
				04286D4D29023DBA00DEEEB2 /* SceneDelegate.m in Sources */,
				043D36D52A6F5F4B000BB6A8 /* UIAlertController+FLYExtension.m in Sources */,
				046950312935F5A3009446F3 /* WorkViewController.m in Sources */,
			);
			runOnlyForDeploymentPostprocessing = 0;
		};
/* End PBXSourcesBuildPhase section */

/* Begin PBXVariantGroup section */
		04286D5129023DBA00DEEEB2 /* Main.storyboard */ = {
			isa = PBXVariantGroup;
			children = (
				04286D5229023DBA00DEEEB2 /* Base */,
			);
			name = Main.storyboard;
			sourceTree = "<group>";
		};
		04286D5629023DC000DEEEB2 /* LaunchScreen.storyboard */ = {
			isa = PBXVariantGroup;
			children = (
				04286D5729023DC000DEEEB2 /* Base */,
			);
			name = LaunchScreen.storyboard;
			sourceTree = "<group>";
		};
/* End PBXVariantGroup section */

/* Begin XCBuildConfiguration section */
		04286D5C29023DC000DEEEB2 /* Debug */ = {
			isa = XCBuildConfiguration;
			buildSettings = {
				ALWAYS_SEARCH_USER_PATHS = NO;
				CLANG_ANALYZER_NONNULL = YES;
				CLANG_ANALYZER_NUMBER_OBJECT_CONVERSION = YES_AGGRESSIVE;
				CLANG_CXX_LANGUAGE_STANDARD = "gnu++20";
				CLANG_ENABLE_MODULES = YES;
				CLANG_ENABLE_OBJC_ARC = YES;
				CLANG_ENABLE_OBJC_WEAK = YES;
				CLANG_WARN_BLOCK_CAPTURE_AUTORELEASING = YES;
				CLANG_WARN_BOOL_CONVERSION = YES;
				CLANG_WARN_COMMA = YES;
				CLANG_WARN_CONSTANT_CONVERSION = YES;
				CLANG_WARN_DEPRECATED_OBJC_IMPLEMENTATIONS = YES;
				CLANG_WARN_DIRECT_OBJC_ISA_USAGE = YES_ERROR;
				CLANG_WARN_DOCUMENTATION_COMMENTS = YES;
				CLANG_WARN_EMPTY_BODY = YES;
				CLANG_WARN_ENUM_CONVERSION = YES;
				CLANG_WARN_INFINITE_RECURSION = YES;
				CLANG_WARN_INT_CONVERSION = YES;
				CLANG_WARN_NON_LITERAL_NULL_CONVERSION = YES;
				CLANG_WARN_OBJC_IMPLICIT_RETAIN_SELF = YES;
				CLANG_WARN_OBJC_LITERAL_CONVERSION = YES;
				CLANG_WARN_OBJC_ROOT_CLASS = YES_ERROR;
				CLANG_WARN_QUOTED_INCLUDE_IN_FRAMEWORK_HEADER = YES;
				CLANG_WARN_RANGE_LOOP_ANALYSIS = YES;
				CLANG_WARN_STRICT_PROTOTYPES = YES;
				CLANG_WARN_SUSPICIOUS_MOVE = YES;
				CLANG_WARN_UNGUARDED_AVAILABILITY = YES_AGGRESSIVE;
				CLANG_WARN_UNREACHABLE_CODE = YES;
				CLANG_WARN__DUPLICATE_METHOD_MATCH = YES;
				COPY_PHASE_STRIP = NO;
				DEBUG_INFORMATION_FORMAT = dwarf;
				ENABLE_STRICT_OBJC_MSGSEND = YES;
				ENABLE_TESTABILITY = YES;
				GCC_C_LANGUAGE_STANDARD = gnu11;
				GCC_DYNAMIC_NO_PIC = NO;
				GCC_NO_COMMON_BLOCKS = YES;
				GCC_OPTIMIZATION_LEVEL = 0;
				GCC_PREPROCESSOR_DEFINITIONS = (
					"DEBUG=1",
					"$(inherited)",
				);
				GCC_WARN_64_TO_32_BIT_CONVERSION = YES;
				GCC_WARN_ABOUT_RETURN_TYPE = YES_ERROR;
				GCC_WARN_UNDECLARED_SELECTOR = YES;
				GCC_WARN_UNINITIALIZED_AUTOS = YES_AGGRESSIVE;
				GCC_WARN_UNUSED_FUNCTION = YES;
				GCC_WARN_UNUSED_VARIABLE = YES;
				IPHONEOS_DEPLOYMENT_TARGET = 16.0;
				MTL_ENABLE_DEBUG_INFO = INCLUDE_SOURCE;
				MTL_FAST_MATH = YES;
				ONLY_ACTIVE_ARCH = YES;
				SDKROOT = iphoneos;
			};
			name = Debug;
		};
		04286D5D29023DC000DEEEB2 /* Release */ = {
			isa = XCBuildConfiguration;
			buildSettings = {
				ALWAYS_SEARCH_USER_PATHS = NO;
				CLANG_ANALYZER_NONNULL = YES;
				CLANG_ANALYZER_NUMBER_OBJECT_CONVERSION = YES_AGGRESSIVE;
				CLANG_CXX_LANGUAGE_STANDARD = "gnu++20";
				CLANG_ENABLE_MODULES = YES;
				CLANG_ENABLE_OBJC_ARC = YES;
				CLANG_ENABLE_OBJC_WEAK = YES;
				CLANG_WARN_BLOCK_CAPTURE_AUTORELEASING = YES;
				CLANG_WARN_BOOL_CONVERSION = YES;
				CLANG_WARN_COMMA = YES;
				CLANG_WARN_CONSTANT_CONVERSION = YES;
				CLANG_WARN_DEPRECATED_OBJC_IMPLEMENTATIONS = YES;
				CLANG_WARN_DIRECT_OBJC_ISA_USAGE = YES_ERROR;
				CLANG_WARN_DOCUMENTATION_COMMENTS = YES;
				CLANG_WARN_EMPTY_BODY = YES;
				CLANG_WARN_ENUM_CONVERSION = YES;
				CLANG_WARN_INFINITE_RECURSION = YES;
				CLANG_WARN_INT_CONVERSION = YES;
				CLANG_WARN_NON_LITERAL_NULL_CONVERSION = YES;
				CLANG_WARN_OBJC_IMPLICIT_RETAIN_SELF = YES;
				CLANG_WARN_OBJC_LITERAL_CONVERSION = YES;
				CLANG_WARN_OBJC_ROOT_CLASS = YES_ERROR;
				CLANG_WARN_QUOTED_INCLUDE_IN_FRAMEWORK_HEADER = YES;
				CLANG_WARN_RANGE_LOOP_ANALYSIS = YES;
				CLANG_WARN_STRICT_PROTOTYPES = YES;
				CLANG_WARN_SUSPICIOUS_MOVE = YES;
				CLANG_WARN_UNGUARDED_AVAILABILITY = YES_AGGRESSIVE;
				CLANG_WARN_UNREACHABLE_CODE = YES;
				CLANG_WARN__DUPLICATE_METHOD_MATCH = YES;
				COPY_PHASE_STRIP = NO;
				DEBUG_INFORMATION_FORMAT = "dwarf-with-dsym";
				ENABLE_NS_ASSERTIONS = NO;
				ENABLE_STRICT_OBJC_MSGSEND = YES;
				GCC_C_LANGUAGE_STANDARD = gnu11;
				GCC_NO_COMMON_BLOCKS = YES;
				GCC_WARN_64_TO_32_BIT_CONVERSION = YES;
				GCC_WARN_ABOUT_RETURN_TYPE = YES_ERROR;
				GCC_WARN_UNDECLARED_SELECTOR = YES;
				GCC_WARN_UNINITIALIZED_AUTOS = YES_AGGRESSIVE;
				GCC_WARN_UNUSED_FUNCTION = YES;
				GCC_WARN_UNUSED_VARIABLE = YES;
				IPHONEOS_DEPLOYMENT_TARGET = 16.0;
				MTL_ENABLE_DEBUG_INFO = NO;
				MTL_FAST_MATH = YES;
				SDKROOT = iphoneos;
				VALIDATE_PRODUCT = YES;
			};
			name = Release;
		};
		04286D5F29023DC000DEEEB2 /* Debug */ = {
			isa = XCBuildConfiguration;
			buildSettings = {
				ASSETCATALOG_COMPILER_APPICON_NAME = AppIcon;
				ASSETCATALOG_COMPILER_GLOBAL_ACCENT_COLOR_NAME = AccentColor;
				CODE_SIGN_STYLE = Automatic;
				CURRENT_PROJECT_VERSION = 1;
				DEVELOPMENT_TEAM = DJ235HCXS7;
				GENERATE_INFOPLIST_FILE = YES;
				INFOPLIST_FILE = BluetoothDemo/Info.plist;
				INFOPLIST_KEY_NSBluetoothAlwaysUsageDescription = "使用蓝牙开锁";
				INFOPLIST_KEY_UIApplicationSupportsIndirectInputEvents = YES;
				INFOPLIST_KEY_UILaunchStoryboardName = LaunchScreen;
				INFOPLIST_KEY_UIMainStoryboardFile = Main;
				INFOPLIST_KEY_UISupportedInterfaceOrientations_iPad = "UIInterfaceOrientationPortrait UIInterfaceOrientationPortraitUpsideDown UIInterfaceOrientationLandscapeLeft UIInterfaceOrientationLandscapeRight";
				INFOPLIST_KEY_UISupportedInterfaceOrientations_iPhone = "UIInterfaceOrientationPortrait UIInterfaceOrientationLandscapeLeft UIInterfaceOrientationLandscapeRight";
				IPHONEOS_DEPLOYMENT_TARGET = 14.0;
				LD_RUNPATH_SEARCH_PATHS = (
					"$(inherited)",
					"@executable_path/Frameworks",
				);
				MARKETING_VERSION = 1.0;
				PRODUCT_BUNDLE_IDENTIFIER = com.fly.BluetoothDemo;
				PRODUCT_NAME = "$(TARGET_NAME)";
				SWIFT_EMIT_LOC_STRINGS = YES;
				TARGETED_DEVICE_FAMILY = "1,2";
			};
			name = Debug;
		};
		04286D6029023DC000DEEEB2 /* Release */ = {
			isa = XCBuildConfiguration;
			buildSettings = {
				ASSETCATALOG_COMPILER_APPICON_NAME = AppIcon;
				ASSETCATALOG_COMPILER_GLOBAL_ACCENT_COLOR_NAME = AccentColor;
				CODE_SIGN_STYLE = Automatic;
				CURRENT_PROJECT_VERSION = 1;
				DEVELOPMENT_TEAM = DJ235HCXS7;
				GENERATE_INFOPLIST_FILE = YES;
				INFOPLIST_FILE = BluetoothDemo/Info.plist;
				INFOPLIST_KEY_NSBluetoothAlwaysUsageDescription = "使用蓝牙开锁";
				INFOPLIST_KEY_UIApplicationSupportsIndirectInputEvents = YES;
				INFOPLIST_KEY_UILaunchStoryboardName = LaunchScreen;
				INFOPLIST_KEY_UIMainStoryboardFile = Main;
				INFOPLIST_KEY_UISupportedInterfaceOrientations_iPad = "UIInterfaceOrientationPortrait UIInterfaceOrientationPortraitUpsideDown UIInterfaceOrientationLandscapeLeft UIInterfaceOrientationLandscapeRight";
				INFOPLIST_KEY_UISupportedInterfaceOrientations_iPhone = "UIInterfaceOrientationPortrait UIInterfaceOrientationLandscapeLeft UIInterfaceOrientationLandscapeRight";
				IPHONEOS_DEPLOYMENT_TARGET = 14.0;
				LD_RUNPATH_SEARCH_PATHS = (
					"$(inherited)",
					"@executable_path/Frameworks",
				);
				MARKETING_VERSION = 1.0;
				PRODUCT_BUNDLE_IDENTIFIER = com.fly.BluetoothDemo;
				PRODUCT_NAME = "$(TARGET_NAME)";
				SWIFT_EMIT_LOC_STRINGS = YES;
				TARGETED_DEVICE_FAMILY = "1,2";
			};
			name = Release;
		};
/* End XCBuildConfiguration section */

/* Begin XCConfigurationList section */
		04286D4029023DBA00DEEEB2 /* Build configuration list for PBXProject "BluetoothDemo" */ = {
			isa = XCConfigurationList;
			buildConfigurations = (
				04286D5C29023DC000DEEEB2 /* Debug */,
				04286D5D29023DC000DEEEB2 /* Release */,
			);
			defaultConfigurationIsVisible = 0;
			defaultConfigurationName = Release;
		};
		04286D5E29023DC000DEEEB2 /* Build configuration list for PBXNativeTarget "BluetoothDemo" */ = {
			isa = XCConfigurationList;
			buildConfigurations = (
				04286D5F29023DC000DEEEB2 /* Debug */,
				04286D6029023DC000DEEEB2 /* Release */,
			);
			defaultConfigurationIsVisible = 0;
			defaultConfigurationName = Release;
		};
/* End XCConfigurationList section */
	};
	rootObject = 04286D3D29023DBA00DEEEB2 /* Project object */;
}
